
Microsoft Visual Studio Solution File, Format Version 12.00
# Visual Studio Version 16
VisualStudioVersion = 16.0.32901.82
MinimumVisualStudioVersion = 10.0.40219.1
Project("{FAE04EC0-301F-11D3-BF4B-00C04F79EFBC}") = "simpsonova metoda", "simpsonova metoda\simpsonova metoda.csproj", "{B31B022B-168E-4911-8A16-7B0D637393A4}"
EndProject
Global
	GlobalSection(SolutionConfigurationPlatforms) = preSolution
		Debug|Any CPU = Debug|Any CPU
		Release|Any CPU = Release|Any CPU
	EndGlobalSection
	GlobalSection(ProjectConfigurationPlatforms) = postSolution
		{B31B022B-168E-4911-8A16-7B0D637393A4}.Debug|Any CPU.ActiveCfg = Debug|Any CPU
		{B31B022B-168E-4911-8A16-7B0D637393A4}.Debug|Any CPU.Build.0 = Debug|Any CPU
		{B31B022B-168E-4911-8A16-7B0D637393A4}.Release|Any CPU.ActiveCfg = Release|Any CPU
		{B31B022B-168E-4911-8A16-7B0D637393A4}.Release|Any CPU.Build.0 = Release|Any CPU
	EndGlobalSection
	GlobalSection(SolutionProperties) = preSolution
		HideSolutionNode = FALSE
	EndGlobalSection
	GlobalSection(ExtensibilityGlobals) = postSolution
		SolutionGuid = {11300E53-ED20-4B16-8A6B-5B63BAA91437}
	EndGlobalSection
EndGlobal
